// !$*UTF8*$!
{
	archiveVersion = 1;
	classes = {
	};
	objectVersion = 55;
	objects = {

/* Begin PBXBuildFile section */
		E4A951FE2787FC4A0071C66A /* main.swift in Sources */ = {isa = PBXBuildFile; fileRef = E4A951FD2787FC4A0071C66A /* main.swift */; };
		E4A952062787FCC80071C66A /* Array.swift in Sources */ = {isa = PBXBuildFile; fileRef = E4A952052787FCC80071C66A /* Array.swift */; };
		E4A95209278804A10071C66A /* RedLine.swift in Sources */ = {isa = PBXBuildFile; fileRef = E4A95208278804A10071C66A /* RedLine.swift */; };
		E4A9520C27880C570071C66A /* ArrayNumber.swift in Sources */ = {isa = PBXBuildFile; fileRef = E4A9520B27880C570071C66A /* ArrayNumber.swift */; };
		E4A9520F27881C7F0071C66A /* ArrayName.swift in Sources */ = {isa = PBXBuildFile; fileRef = E4A9520E27881C7F0071C66A /* ArrayName.swift */; };
		E4A95212278856950071C66A /* Cube.swift in Sources */ = {isa = PBXBuildFile; fileRef = E4A95211278856950071C66A /* Cube.swift */; };
/* End PBXBuildFile section */

/* Begin PBXCopyFilesBuildPhase section */
		E4A951F82787FC4A0071C66A /* CopyFiles */ = {
			isa = PBXCopyFilesBuildPhase;
			buildActionMask = 2147483647;
			dstPath = /usr/share/man/man1/;
			dstSubfolderSpec = 0;
			files = (
			);
			runOnlyForDeploymentPostprocessing = 1;
		};
/* End PBXCopyFilesBuildPhase section */

/* Begin PBXFileReference section */
		E4A951FA2787FC4A0071C66A /* hw1(1(2)) moth3 lesson1 */ = {isa = PBXFileReference; explicitFileType = "compiled.mach-o.executable"; includeInIndex = 0; path = "hw1(1(2)) moth3 lesson1"; sourceTree = BUILT_PRODUCTS_DIR; };
		E4A951FD2787FC4A0071C66A /* main.swift */ = {isa = PBXFileReference; lastKnownFileType = sourcecode.swift; path = main.swift; sourceTree = "<group>"; };
		E4A952052787FCC80071C66A /* Array.swift */ = {isa = PBXFileReference; lastKnownFileType = sourcecode.swift; path = Array.swift; sourceTree = "<group>"; };
		E4A95208278804A10071C66A /* RedLine.swift */ = {isa = PBXFileReference; lastKnownFileType = sourcecode.swift; path = RedLine.swift; sourceTree = "<group>"; };
		E4A9520B27880C570071C66A /* ArrayNumber.swift */ = {isa = PBXFileReference; lastKnownFileType = sourcecode.swift; path = ArrayNumber.swift; sourceTree = "<group>"; };
		E4A9520E27881C7F0071C66A /* ArrayName.swift */ = {isa = PBXFileReference; lastKnownFileType = sourcecode.swift; path = ArrayName.swift; sourceTree = "<group>"; };
		E4A95211278856950071C66A /* Cube.swift */ = {isa = PBXFileReference; lastKnownFileType = sourcecode.swift; path = Cube.swift; sourceTree = "<group>"; };
/* End PBXFileReference section */

/* Begin PBXFrameworksBuildPhase section */
		E4A951F72787FC4A0071C66A /* Frameworks */ = {
			isa = PBXFrameworksBuildPhase;
			buildActionMask = 2147483647;
			files = (
			);
			runOnlyForDeploymentPostprocessing = 0;
		};
/* End PBXFrameworksBuildPhase section */

/* Begin PBXGroup section */
		E4A951F12787FC4A0071C66A = {
			isa = PBXGroup;
			children = (
				E4A951FC2787FC4A0071C66A /* hw1(1(2)) moth3 lesson1 */,
				E4A951FB2787FC4A0071C66A /* Products */,
			);
			sourceTree = "<group>";
		};
		E4A951FB2787FC4A0071C66A /* Products */ = {
			isa = PBXGroup;
			children = (
				E4A951FA2787FC4A0071C66A /* hw1(1(2)) moth3 lesson1 */,
			);
			name = Products;
			sourceTree = "<group>";
		};
		E4A951FC2787FC4A0071C66A /* hw1(1(2)) moth3 lesson1 */ = {
			isa = PBXGroup;
			children = (
				E4A952102788533E0071C66A /* hw4 */,
				E4A9520D27881C6A0071C66A /* hw5 */,
				E4A9520A27880C400071C66A /* hw3 */,
				E4A95207278804590071C66A /* hw2 */,
				E4A952042787FC6C0071C66A /* hw 1 */,
				E4A951FD2787FC4A0071C66A /* main.swift */,
			);
			path = "hw1(1(2)) moth3 lesson1";
			sourceTree = "<group>";
		};
		E4A952042787FC6C0071C66A /* hw 1 */ = {
			isa = PBXGroup;
			children = (
				E4A952052787FCC80071C66A /* Array.swift */,
			);
			path = "hw 1";
			sourceTree = "<group>";
		};
		E4A95207278804590071C66A /* hw2 */ = {
			isa = PBXGroup;
			children = (
				E4A95208278804A10071C66A /* RedLine.swift */,
			);
			path = hw2;
			sourceTree = "<group>";
		};
		E4A9520A27880C400071C66A /* hw3 */ = {
			isa = PBXGroup;
			children = (
				E4A9520B27880C570071C66A /* ArrayNumber.swift */,
			);
			path = hw3;
			sourceTree = "<group>";
		};
		E4A9520D27881C6A0071C66A /* hw5 */ = {
			isa = PBXGroup;
			children = (
				E4A9520E27881C7F0071C66A /* ArrayName.swift */,
			);
			path = hw5;
			sourceTree = "<group>";
		};
		E4A952102788533E0071C66A /* hw4 */ = {
			isa = PBXGroup;
			children = (
				E4A95211278856950071C66A /* Cube.swift */,
			);
			path = hw4;
			sourceTree = "<group>";
		};
/* End PBXGroup section */

/* Begin PBXNativeTarget section */
		E4A951F92787FC4A0071C66A /* hw1(1(2)) moth3 lesson1 */ = {
			isa = PBXNativeTarget;
			buildConfigurationList = E4A952012787FC4A0071C66A /* Build configuration list for PBXNativeTarget "hw1(1(2)) moth3 lesson1" */;
			buildPhases = (
				E4A951F62787FC4A0071C66A /* Sources */,
				E4A951F72787FC4A0071C66A /* Frameworks */,
				E4A951F82787FC4A0071C66A /* CopyFiles */,
			);
			buildRules = (
			);
			dependencies = (
			);
			name = "hw1(1(2)) moth3 lesson1";
			productName = "hw1(1(2)) moth3 lesson1";
			productReference = E4A951FA2787FC4A0071C66A /* hw1(1(2)) moth3 lesson1 */;
			productType = "com.apple.product-type.tool";
		};
/* End PBXNativeTarget section */

/* Begin PBXProject section */
		E4A951F22787FC4A0071C66A /* Project object */ = {
			isa = PBXProject;
			attributes = {
				BuildIndependentTargetsInParallel = 1;
				LastSwiftUpdateCheck = 1310;
				LastUpgradeCheck = 1310;
				TargetAttributes = {
					E4A951F92787FC4A0071C66A = {
						CreatedOnToolsVersion = 13.1;
					};
				};
			};
			buildConfigurationList = E4A951F52787FC4A0071C66A /* Build configuration list for PBXProject "hw1(1(2)) moth3 lesson1" */;
			compatibilityVersion = "Xcode 13.0";
			developmentRegion = en;
			hasScannedForEncodings = 0;
			knownRegions = (
				en,
				Base,
			);
			mainGroup = E4A951F12787FC4A0071C66A;
			productRefGroup = E4A951FB2787FC4A0071C66A /* Products */;
			projectDirPath = "";
			projectRoot = "";
			targets = (
				E4A951F92787FC4A0071C66A /* hw1(1(2)) moth3 lesson1 */,
			);
		};
/* End PBXProject section */

/* Begin PBXSourcesBuildPhase section */
		E4A951F62787FC4A0071C66A /* Sources */ = {
			isa = PBXSourcesBuildPhase;
			buildActionMask = 2147483647;
			files = (
				E4A9520C27880C570071C66A /* ArrayNumber.swift in Sources */,
				E4A951FE2787FC4A0071C66A /* main.swift in Sources */,
				E4A95212278856950071C66A /* Cube.swift in Sources */,
				E4A95209278804A10071C66A /* RedLine.swift in Sources */,
				E4A9520F27881C7F0071C66A /* ArrayName.swift in Sources */,
				E4A952062787FCC80071C66A /* Array.swift in Sources */,
			);
			runOnlyForDeploymentPostprocessing = 0;
		};
/* End PBXSourcesBuildPhase section */

/* Begin XCBuildConfiguration section */
		E4A951FF2787FC4A0071C66A /* Debug */ = {
			isa = XCBuildConfiguration;
			buildSettings = {
				ALWAYS_SEARCH_USER_PATHS = NO;
				CLANG_ANALYZER_NONNULL = YES;
				CLANG_ANALYZER_NUMBER_OBJECT_CONVERSION = YES_AGGRESSIVE;
				CLANG_CXX_LANGUAGE_STANDARD = "gnu++17";
				CLANG_CXX_LIBRARY = "libc++";
				CLANG_ENABLE_MODULES = YES;
				CLANG_ENABLE_OBJC_ARC = YES;
				CLANG_ENABLE_OBJC_WEAK = YES;
				CLANG_WARN_BLOCK_CAPTURE_AUTORELEASING = YES;
				CLANG_WARN_BOOL_CONVERSION = YES;
				CLANG_WARN_COMMA = YES;
				CLANG_WARN_CONSTANT_CONVERSION = YES;
				CLANG_WARN_DEPRECATED_OBJC_IMPLEMENTATIONS = YES;
				CLANG_WARN_DIRECT_OBJC_ISA_USAGE = YES_ERROR;
				CLANG_WARN_DOCUMENTATION_COMMENTS = YES;
				CLANG_WARN_EMPTY_BODY = YES;
				CLANG_WARN_ENUM_CONVERSION = YES;
				CLANG_WARN_INFINITE_RECURSION = YES;
				CLANG_WARN_INT_CONVERSION = YES;
				CLANG_WARN_NON_LITERAL_NULL_CONVERSION = YES;
				CLANG_WARN_OBJC_IMPLICIT_RETAIN_SELF = YES;
				CLANG_WARN_OBJC_LITERAL_CONVERSION = YES;
				CLANG_WARN_OBJC_ROOT_CLASS = YES_ERROR;
				CLANG_WARN_QUOTED_INCLUDE_IN_FRAMEWORK_HEADER = YES;
				CLANG_WARN_RANGE_LOOP_ANALYSIS = YES;
				CLANG_WARN_STRICT_PROTOTYPES = YES;
				CLANG_WARN_SUSPICIOUS_MOVE = YES;
				CLANG_WARN_UNGUARDED_AVAILABILITY = YES_AGGRESSIVE;
				CLANG_WARN_UNREACHABLE_CODE = YES;
				CLANG_WARN__DUPLICATE_METHOD_MATCH = YES;
				COPY_PHASE_STRIP = NO;
				DEBUG_INFORMATION_FORMAT = dwarf;
				ENABLE_STRICT_OBJC_MSGSEND = YES;
				ENABLE_TESTABILITY = YES;
				GCC_C_LANGUAGE_STANDARD = gnu11;
				GCC_DYNAMIC_NO_PIC = NO;
				GCC_NO_COMMON_BLOCKS = YES;
				GCC_OPTIMIZATION_LEVEL = 0;
				GCC_PREPROCESSOR_DEFINITIONS = (
					"DEBUG=1",
					"$(inherited)",
				);
				GCC_WARN_64_TO_32_BIT_CONVERSION = YES;
				GCC_WARN_ABOUT_RETURN_TYPE = YES_ERROR;
				GCC_WARN_UNDECLARED_SELECTOR = YES;
				GCC_WARN_UNINITIALIZED_AUTOS = YES_AGGRESSIVE;
				GCC_WARN_UNUSED_FUNCTION = YES;
				GCC_WARN_UNUSED_VARIABLE = YES;
				MACOSX_DEPLOYMENT_TARGET = 12.0;
				MTL_ENABLE_DEBUG_INFO = INCLUDE_SOURCE;
				MTL_FAST_MATH = YES;
				ONLY_ACTIVE_ARCH = YES;
				SDKROOT = macosx;
				SWIFT_ACTIVE_COMPILATION_CONDITIONS = DEBUG;
				SWIFT_OPTIMIZATION_LEVEL = "-Onone";
			};
			name = Debug;
		};
		E4A952002787FC4A0071C66A /* Release */ = {
			isa = XCBuildConfiguration;
			buildSettings = {
				ALWAYS_SEARCH_USER_PATHS = NO;
				CLANG_ANALYZER_NONNULL = YES;
				CLANG_ANALYZER_NUMBER_OBJECT_CONVERSION = YES_AGGRESSIVE;
				CLANG_CXX_LANGUAGE_STANDARD = "gnu++17";
				CLANG_CXX_LIBRARY = "libc++";
				CLANG_ENABLE_MODULES = YES;
				CLANG_ENABLE_OBJC_ARC = YES;
				CLANG_ENABLE_OBJC_WEAK = YES;
				CLANG_WARN_BLOCK_CAPTURE_AUTORELEASING = YES;
				CLANG_WARN_BOOL_CONVERSION = YES;
				CLANG_WARN_COMMA = YES;
				CLANG_WARN_CONSTANT_CONVERSION = YES;
				CLANG_WARN_DEPRECATED_OBJC_IMPLEMENTATIONS = YES;
				CLANG_WARN_DIRECT_OBJC_ISA_USAGE = YES_ERROR;
				CLANG_WARN_DOCUMENTATION_COMMENTS = YES;
				CLANG_WARN_EMPTY_BODY = YES;
				CLANG_WARN_ENUM_CONVERSION = YES;
				CLANG_WARN_INFINITE_RECURSION = YES;
				CLANG_WARN_INT_CONVERSION = YES;
				CLANG_WARN_NON_LITERAL_NULL_CONVERSION = YES;
				CLANG_WARN_OBJC_IMPLICIT_RETAIN_SELF = YES;
				CLANG_WARN_OBJC_LITERAL_CONVERSION = YES;
				CLANG_WARN_OBJC_ROOT_CLASS = YES_ERROR;
				CLANG_WARN_QUOTED_INCLUDE_IN_FRAMEWORK_HEADER = YES;
				CLANG_WARN_RANGE_LOOP_ANALYSIS = YES;
				CLANG_WARN_STRICT_PROTOTYPES = YES;
				CLANG_WARN_SUSPICIOUS_MOVE = YES;
				CLANG_WARN_UNGUARDED_AVAILABILITY = YES_AGGRESSIVE;
				CLANG_WARN_UNREACHABLE_CODE = YES;
				CLANG_WARN__DUPLICATE_METHOD_MATCH = YES;
				COPY_PHASE_STRIP = NO;
				DEBUG_INFORMATION_FORMAT = "dwarf-with-dsym";
				ENABLE_NS_ASSERTIONS = NO;
				ENABLE_STRICT_OBJC_MSGSEND = YES;
				GCC_C_LANGUAGE_STANDARD = gnu11;
				GCC_NO_COMMON_BLOCKS = YES;
				GCC_WARN_64_TO_32_BIT_CONVERSION = YES;
				GCC_WARN_ABOUT_RETURN_TYPE = YES_ERROR;
				GCC_WARN_UNDECLARED_SELECTOR = YES;
				GCC_WARN_UNINITIALIZED_AUTOS = YES_AGGRESSIVE;
				GCC_WARN_UNUSED_FUNCTION = YES;
				GCC_WARN_UNUSED_VARIABLE = YES;
				MACOSX_DEPLOYMENT_TARGET = 12.0;
				MTL_ENABLE_DEBUG_INFO = NO;
				MTL_FAST_MATH = YES;
				SDKROOT = macosx;
				SWIFT_COMPILATION_MODE = wholemodule;
				SWIFT_OPTIMIZATION_LEVEL = "-O";
			};
			name = Release;
		};
		E4A952022787FC4A0071C66A /* Debug */ = {
			isa = XCBuildConfiguration;
			buildSettings = {
				CODE_SIGN_STYLE = Automatic;
				DEVELOPMENT_TEAM = DX2TVC7ZR3;
				ENABLE_HARDENED_RUNTIME = YES;
				PRODUCT_NAME = "$(TARGET_NAME)";
				SWIFT_VERSION = 5.0;
			};
			name = Debug;
		};
		E4A952032787FC4A0071C66A /* Release */ = {
			isa = XCBuildConfiguration;
			buildSettings = {
				CODE_SIGN_STYLE = Automatic;
				DEVELOPMENT_TEAM = DX2TVC7ZR3;
				ENABLE_HARDENED_RUNTIME = YES;
				PRODUCT_NAME = "$(TARGET_NAME)";
				SWIFT_VERSION = 5.0;
			};
			name = Release;
		};
/* End XCBuildConfiguration section */

/* Begin XCConfigurationList section */
		E4A951F52787FC4A0071C66A /* Build configuration list for PBXProject "hw1(1(2)) moth3 lesson1" */ = {
			isa = XCConfigurationList;
			buildConfigurations = (
				E4A951FF2787FC4A0071C66A /* Debug */,
				E4A952002787FC4A0071C66A /* Release */,
			);
			defaultConfigurationIsVisible = 0;
			defaultConfigurationName = Release;
		};
		E4A952012787FC4A0071C66A /* Build configuration list for PBXNativeTarget "hw1(1(2)) moth3 lesson1" */ = {
			isa = XCConfigurationList;
			buildConfigurations = (
				E4A952022787FC4A0071C66A /* Debug */,
				E4A952032787FC4A0071C66A /* Release */,
			);
			defaultConfigurationIsVisible = 0;
			defaultConfigurationName = Release;
		};
/* End XCConfigurationList section */
	};
	rootObject = E4A951F22787FC4A0071C66A /* Project object */;
}
